
Microsoft Visual Studio Solution File, Format Version 12.00
# Visual Studio 15
VisualStudioVersion = 15.0.28307.421
MinimumVisualStudioVersion = 10.0.40219.1
Project("{FAE04EC0-301F-11D3-BF4B-00C04F79EFBC}") = "Roulette game", "Roulette game\Roulette game.csproj", "{787C395E-BAD2-4A69-BE27-04E47807CA65}"
EndProject
Global
	GlobalSection(SolutionConfigurationPlatforms) = preSolution
		Debug|Any CPU = Debug|Any CPU
		Release|Any CPU = Release|Any CPU
	EndGlobalSection
	GlobalSection(ProjectConfigurationPlatforms) = postSolution
		{787C395E-BAD2-4A69-BE27-04E47807CA65}.Debug|Any CPU.ActiveCfg = Debug|Any CPU
		{787C395E-BAD2-4A69-BE27-04E47807CA65}.Debug|Any CPU.Build.0 = Debug|Any CPU
		{787C395E-BAD2-4A69-BE27-04E47807CA65}.Release|Any CPU.ActiveCfg = Release|Any CPU
		{787C395E-BAD2-4A69-BE27-04E47807CA65}.Release|Any CPU.Build.0 = Release|Any CPU
	EndGlobalSection
	GlobalSection(SolutionProperties) = preSolution
		HideSolutionNode = FALSE
	EndGlobalSection
	GlobalSection(ExtensibilityGlobals) = postSolution
		SolutionGuid = {0ADC349F-4D46-4BE7-984F-B552E504FF5F}
	EndGlobalSection
EndGlobal
